
Microsoft Visual Studio Solution File, Format Version 12.00
# Visual Studio Version 17
VisualStudioVersion = 17.8.34316.72
MinimumVisualStudioVersion = 10.0.40219.1
Project("{9A19103F-16F7-4668-BE54-9A1E7A4F7556}") = "AsyncValidation", "src\AsyncValidation\AsyncValidation.csproj", "{1A23523C-FBD3-4211-B251-7751661CF2AD}"
EndProject
Project("{2150E333-8FDC-42A3-9474-1A3956D46DE8}") = "Solution Items", "Solution Items", "{EF92430F-FF4D-4517-9BCA-5ED4DFCBA157}"
	ProjectSection(SolutionItems) = preProject
		.editorconfig = .editorconfig
		Directory.Build.props = Directory.Build.props
		Directory.Packages.props = Directory.Packages.props
	EndProjectSection
EndProject
Project("{9A19103F-16F7-4668-BE54-9A1E7A4F7556}") = "AsyncValidation.Test", "src\AsyncValidation.Test\AsyncValidation.Test.csproj", "{91B39B06-A337-4946-9BE9-259312BBE863}"
EndProject
Global
	GlobalSection(SolutionConfigurationPlatforms) = preSolution
		Debug|Any CPU = Debug|Any CPU
		Release|Any CPU = Release|Any CPU
	EndGlobalSection
	GlobalSection(ProjectConfigurationPlatforms) = postSolution
		{1A23523C-FBD3-4211-B251-7751661CF2AD}.Debug|Any CPU.ActiveCfg = Debug|Any CPU
		{1A23523C-FBD3-4211-B251-7751661CF2AD}.Debug|Any CPU.Build.0 = Debug|Any CPU
		{1A23523C-FBD3-4211-B251-7751661CF2AD}.Release|Any CPU.ActiveCfg = Release|Any CPU
		{1A23523C-FBD3-4211-B251-7751661CF2AD}.Release|Any CPU.Build.0 = Release|Any CPU
		{91B39B06-A337-4946-9BE9-259312BBE863}.Debug|Any CPU.ActiveCfg = Debug|Any CPU
		{91B39B06-A337-4946-9BE9-259312BBE863}.Debug|Any CPU.Build.0 = Debug|Any CPU
		{91B39B06-A337-4946-9BE9-259312BBE863}.Release|Any CPU.ActiveCfg = Release|Any CPU
		{91B39B06-A337-4946-9BE9-259312BBE863}.Release|Any CPU.Build.0 = Release|Any CPU
	EndGlobalSection
	GlobalSection(SolutionProperties) = preSolution
		HideSolutionNode = FALSE
	EndGlobalSection
	GlobalSection(ExtensibilityGlobals) = postSolution
		SolutionGuid = {1A96AE42-B7F7-42E6-834F-D1077742DFEE}
	EndGlobalSection
EndGlobal
